
Microsoft Visual Studio Solution File, Format Version 12.00
# Visual Studio Version 17
VisualStudioVersion = 17.0.31912.275
MinimumVisualStudioVersion = 10.0.40219.1
Project("{FAE04EC0-301F-11D3-BF4B-00C04F79EFBC}") = "cek bilangan prima week 12", "cek bilangan prima week 12\cek bilangan prima week 12.csproj", "{5C64F934-8C11-4FCC-A9B2-B31DDB368AFD}"
EndProject
Global
	GlobalSection(SolutionConfigurationPlatforms) = preSolution
		Debug|Any CPU = Debug|Any CPU
		Release|Any CPU = Release|Any CPU
	EndGlobalSection
	GlobalSection(ProjectConfigurationPlatforms) = postSolution
		{5C64F934-8C11-4FCC-A9B2-B31DDB368AFD}.Debug|Any CPU.ActiveCfg = Debug|Any CPU
		{5C64F934-8C11-4FCC-A9B2-B31DDB368AFD}.Debug|Any CPU.Build.0 = Debug|Any CPU
		{5C64F934-8C11-4FCC-A9B2-B31DDB368AFD}.Release|Any CPU.ActiveCfg = Release|Any CPU
		{5C64F934-8C11-4FCC-A9B2-B31DDB368AFD}.Release|Any CPU.Build.0 = Release|Any CPU
	EndGlobalSection
	GlobalSection(SolutionProperties) = preSolution
		HideSolutionNode = FALSE
	EndGlobalSection
	GlobalSection(ExtensibilityGlobals) = postSolution
		SolutionGuid = {B71C3AC0-CFA7-46E5-96D4-503AE0B4FC03}
	EndGlobalSection
EndGlobal
